
Microsoft Visual Studio Solution File, Format Version 12.00
# Visual Studio Version 17
VisualStudioVersion = 17.0.31912.275
MinimumVisualStudioVersion = 10.0.40219.1
Project("{9A19103F-16F7-4668-BE54-9A1E7A4F7556}") = "WebApi", "WebApi\WebApi.csproj", "{F5AEEA42-969E-4BA9-AA9E-10C6EDF5B738}"
EndProject
Project("{9A19103F-16F7-4668-BE54-9A1E7A4F7556}") = "Core", "Core\Core.csproj", "{FB3EB576-9134-4822-9B97-37E7887F4F95}"
EndProject
Project("{9A19103F-16F7-4668-BE54-9A1E7A4F7556}") = "FinancialManagementApp", "FinancialManagementApp\FinancialManagementApp.csproj", "{095F01B1-9971-4227-89CF-AFE0AD6219C1}"
EndProject
Global
	GlobalSection(SolutionConfigurationPlatforms) = preSolution
		Debug|Any CPU = Debug|Any CPU
		Release|Any CPU = Release|Any CPU
	EndGlobalSection
	GlobalSection(ProjectConfigurationPlatforms) = postSolution
		{F5AEEA42-969E-4BA9-AA9E-10C6EDF5B738}.Debug|Any CPU.ActiveCfg = Debug|Any CPU
		{F5AEEA42-969E-4BA9-AA9E-10C6EDF5B738}.Debug|Any CPU.Build.0 = Debug|Any CPU
		{F5AEEA42-969E-4BA9-AA9E-10C6EDF5B738}.Release|Any CPU.ActiveCfg = Release|Any CPU
		{F5AEEA42-969E-4BA9-AA9E-10C6EDF5B738}.Release|Any CPU.Build.0 = Release|Any CPU
		{FB3EB576-9134-4822-9B97-37E7887F4F95}.Debug|Any CPU.ActiveCfg = Debug|Any CPU
		{FB3EB576-9134-4822-9B97-37E7887F4F95}.Debug|Any CPU.Build.0 = Debug|Any CPU
		{FB3EB576-9134-4822-9B97-37E7887F4F95}.Release|Any CPU.ActiveCfg = Release|Any CPU
		{FB3EB576-9134-4822-9B97-37E7887F4F95}.Release|Any CPU.Build.0 = Release|Any CPU
		{095F01B1-9971-4227-89CF-AFE0AD6219C1}.Debug|Any CPU.ActiveCfg = Debug|Any CPU
		{095F01B1-9971-4227-89CF-AFE0AD6219C1}.Debug|Any CPU.Build.0 = Debug|Any CPU
		{095F01B1-9971-4227-89CF-AFE0AD6219C1}.Release|Any CPU.ActiveCfg = Release|Any CPU
		{095F01B1-9971-4227-89CF-AFE0AD6219C1}.Release|Any CPU.Build.0 = Release|Any CPU
	EndGlobalSection
	GlobalSection(SolutionProperties) = preSolution
		HideSolutionNode = FALSE
	EndGlobalSection
	GlobalSection(ExtensibilityGlobals) = postSolution
		SolutionGuid = {8858EDE4-4D66-4F62-9CCF-679B9C632D39}
	EndGlobalSection
EndGlobal
